{
  "name": "uithub.chat",
  "lockfileVersion": 3,
  "requires": true,
  "packages": {
    "": {
      "dependencies": {
        "sponsorflare": "^0.0.11"
      },
      "devDependencies": {
        "@cloudflare/workers-types": "^4.20250124.3"
      }
    },
    "node_modules/@cloudflare/workers-types": {
      "version": "4.20250129.0",
      "resolved": "https://registry.npmjs.org/@cloudflare/workers-types/-/workers-types-4.20250129.0.tgz",
      "integrity": "sha512-H7g/sDB9GaV+fIPf3utNEYncFhryIvDThiBbfZtu0bZmVXcVd9ApP3OMqUYhNV8MShWQASvgWletKKBZGT9/oA==",
      "dev": true,
      "license": "MIT OR Apache-2.0"
    },
    "node_modules/sponsorflare": {
      "version": "0.0.11",
      "resolved": "https://registry.npmjs.org/sponsorflare/-/sponsorflare-0.0.11.tgz",
      "integrity": "sha512-GJwOVWS0IumvKn8+x+BTR77XhxrkvHN01JbX2Ybjs+/m89pTXmsTKXIpc79vLAnK0xTthpcuTlBYrseedJU15A=="
    }
  }
}
